
Microsoft Visual Studio Solution File, Format Version 12.00
Project("{2150E333-8FDC-42A3-9474-1A3956D46DE8}") = "BettingGame", "BettingGame", "{6D7842ED-9681-4EBB-A064-516C2F311FCA}"
EndProject
Project("{FAE04EC0-301F-11D3-BF4B-00C04F79EFBC}") = "BettingGame", "BettingGame\BettingGame\BettingGame.csproj", "{40DA34BE-FB19-454D-8D9C-744078C9896F}"
EndProject
Project("{FAE04EC0-301F-11D3-BF4B-00C04F79EFBC}") = "BettingGame.Tests", "BettingGame\BettingGame.Tests\BettingGame.Tests.csproj", "{1CFA9A73-04DE-4A4F-8EA1-EDB752F965F8}"
EndProject
Project("{2150E333-8FDC-42A3-9474-1A3956D46DE8}") = "Solution Items", "Solution Items", "{385CEB08-9598-483B-BC2D-AC44B0792F52}"
	ProjectSection(SolutionItems) = preProject
		docker-compose.yml = docker-compose.yml
	EndProjectSection
EndProject
Global
	GlobalSection(SolutionConfigurationPlatforms) = preSolution
		Debug|Any CPU = Debug|Any CPU
		Release|Any CPU = Release|Any CPU
	EndGlobalSection
	GlobalSection(NestedProjects) = preSolution
		{40DA34BE-FB19-454D-8D9C-744078C9896F} = {6D7842ED-9681-4EBB-A064-516C2F311FCA}
		{1CFA9A73-04DE-4A4F-8EA1-EDB752F965F8} = {6D7842ED-9681-4EBB-A064-516C2F311FCA}
	EndGlobalSection
	GlobalSection(ProjectConfigurationPlatforms) = postSolution
		{40DA34BE-FB19-454D-8D9C-744078C9896F}.Debug|Any CPU.ActiveCfg = Debug|Any CPU
		{40DA34BE-FB19-454D-8D9C-744078C9896F}.Debug|Any CPU.Build.0 = Debug|Any CPU
		{40DA34BE-FB19-454D-8D9C-744078C9896F}.Release|Any CPU.ActiveCfg = Release|Any CPU
		{40DA34BE-FB19-454D-8D9C-744078C9896F}.Release|Any CPU.Build.0 = Release|Any CPU
		{1CFA9A73-04DE-4A4F-8EA1-EDB752F965F8}.Debug|Any CPU.ActiveCfg = Debug|Any CPU
		{1CFA9A73-04DE-4A4F-8EA1-EDB752F965F8}.Debug|Any CPU.Build.0 = Debug|Any CPU
		{1CFA9A73-04DE-4A4F-8EA1-EDB752F965F8}.Release|Any CPU.ActiveCfg = Release|Any CPU
		{1CFA9A73-04DE-4A4F-8EA1-EDB752F965F8}.Release|Any CPU.Build.0 = Release|Any CPU
	EndGlobalSection
EndGlobal
